
Microsoft Visual Studio Solution File, Format Version 12.00
# Visual Studio Version 16
VisualStudioVersion = 16.0.30320.27
MinimumVisualStudioVersion = 10.0.40219.1
Project("{9A19103F-16F7-4668-BE54-9A1E7A4F7556}") = "AutoTrader.Tests", "AutoTrader.Tests\AutoTrader.Tests.csproj", "{E334DA46-7E69-4FA7-8A2F-1AF5AD9E4673}"
EndProject
Project("{9A19103F-16F7-4668-BE54-9A1E7A4F7556}") = "AutoTrader.Yahoo.API", "AutoTrader.Yahoo.API\AutoTrader.Yahoo.API.csproj", "{42ABBB6A-8D62-453E-8D0A-082E85CC08B6}"
EndProject
Project("{2150E333-8FDC-42A3-9474-1A3956D46DE8}") = "Tests", "Tests", "{142E3F01-0752-440F-A668-126353CAAE87}"
EndProject
Project("{9A19103F-16F7-4668-BE54-9A1E7A4F7556}") = "AutoTrader.Runner", "AutoTrader.Runner\AutoTrader.Runner.csproj", "{714FE048-9606-4B4B-B1F2-89DB77AEC399}"
EndProject
Project("{9A19103F-16F7-4668-BE54-9A1E7A4F7556}") = "AutoTrader.Models", "AutoTrader.Models\AutoTrader.Models.csproj", "{DFBB597D-DDCC-4FD4-85B9-B01A18D09070}"
EndProject
Project("{9A19103F-16F7-4668-BE54-9A1E7A4F7556}") = "AutoTrader.Oscillators", "AutoTrader.Oscillators\AutoTrader.Oscillators.csproj", "{F385FB35-FDED-49B2-AB1D-35ED64C0A4AF}"
EndProject
Project("{FAE04EC0-301F-11D3-BF4B-00C04F79EFBC}") = "AutoTrader.Interfaces", "AutoTrader.Interfaces\AutoTrader.Interfaces.csproj", "{987746A8-7F74-4D71-9F31-04E8C78DAFE8}"
EndProject
Project("{FAE04EC0-301F-11D3-BF4B-00C04F79EFBC}") = "AutoTrader.Services", "AutoTrader.Services\AutoTrader.Services.csproj", "{93324DE3-79DF-4A92-A863-0F7FA86839C5}"
EndProject
Global
	GlobalSection(SolutionConfigurationPlatforms) = preSolution
		Debug|Any CPU = Debug|Any CPU
		Debug|x64 = Debug|x64
		Release|Any CPU = Release|Any CPU
		Release|x64 = Release|x64
	EndGlobalSection
	GlobalSection(ProjectConfigurationPlatforms) = postSolution
		{E334DA46-7E69-4FA7-8A2F-1AF5AD9E4673}.Debug|Any CPU.ActiveCfg = Debug|Any CPU
		{E334DA46-7E69-4FA7-8A2F-1AF5AD9E4673}.Debug|Any CPU.Build.0 = Debug|Any CPU
		{E334DA46-7E69-4FA7-8A2F-1AF5AD9E4673}.Debug|x64.ActiveCfg = Debug|x64
		{E334DA46-7E69-4FA7-8A2F-1AF5AD9E4673}.Debug|x64.Build.0 = Debug|x64
		{E334DA46-7E69-4FA7-8A2F-1AF5AD9E4673}.Release|Any CPU.ActiveCfg = Release|Any CPU
		{E334DA46-7E69-4FA7-8A2F-1AF5AD9E4673}.Release|Any CPU.Build.0 = Release|Any CPU
		{E334DA46-7E69-4FA7-8A2F-1AF5AD9E4673}.Release|x64.ActiveCfg = Release|Any CPU
		{E334DA46-7E69-4FA7-8A2F-1AF5AD9E4673}.Release|x64.Build.0 = Release|Any CPU
		{42ABBB6A-8D62-453E-8D0A-082E85CC08B6}.Debug|Any CPU.ActiveCfg = Debug|Any CPU
		{42ABBB6A-8D62-453E-8D0A-082E85CC08B6}.Debug|Any CPU.Build.0 = Debug|Any CPU
		{42ABBB6A-8D62-453E-8D0A-082E85CC08B6}.Debug|x64.ActiveCfg = Debug|x64
		{42ABBB6A-8D62-453E-8D0A-082E85CC08B6}.Debug|x64.Build.0 = Debug|x64
		{42ABBB6A-8D62-453E-8D0A-082E85CC08B6}.Release|Any CPU.ActiveCfg = Release|Any CPU
		{42ABBB6A-8D62-453E-8D0A-082E85CC08B6}.Release|Any CPU.Build.0 = Release|Any CPU
		{42ABBB6A-8D62-453E-8D0A-082E85CC08B6}.Release|x64.ActiveCfg = Release|Any CPU
		{42ABBB6A-8D62-453E-8D0A-082E85CC08B6}.Release|x64.Build.0 = Release|Any CPU
		{714FE048-9606-4B4B-B1F2-89DB77AEC399}.Debug|Any CPU.ActiveCfg = Debug|Any CPU
		{714FE048-9606-4B4B-B1F2-89DB77AEC399}.Debug|Any CPU.Build.0 = Debug|Any CPU
		{714FE048-9606-4B4B-B1F2-89DB77AEC399}.Debug|x64.ActiveCfg = Debug|x64
		{714FE048-9606-4B4B-B1F2-89DB77AEC399}.Debug|x64.Build.0 = Debug|x64
		{714FE048-9606-4B4B-B1F2-89DB77AEC399}.Release|Any CPU.ActiveCfg = Release|Any CPU
		{714FE048-9606-4B4B-B1F2-89DB77AEC399}.Release|Any CPU.Build.0 = Release|Any CPU
		{714FE048-9606-4B4B-B1F2-89DB77AEC399}.Release|x64.ActiveCfg = Release|Any CPU
		{714FE048-9606-4B4B-B1F2-89DB77AEC399}.Release|x64.Build.0 = Release|Any CPU
		{DFBB597D-DDCC-4FD4-85B9-B01A18D09070}.Debug|Any CPU.ActiveCfg = Debug|Any CPU
		{DFBB597D-DDCC-4FD4-85B9-B01A18D09070}.Debug|Any CPU.Build.0 = Debug|Any CPU
		{DFBB597D-DDCC-4FD4-85B9-B01A18D09070}.Debug|x64.ActiveCfg = Debug|x64
		{DFBB597D-DDCC-4FD4-85B9-B01A18D09070}.Debug|x64.Build.0 = Debug|x64
		{DFBB597D-DDCC-4FD4-85B9-B01A18D09070}.Release|Any CPU.ActiveCfg = Release|Any CPU
		{DFBB597D-DDCC-4FD4-85B9-B01A18D09070}.Release|Any CPU.Build.0 = Release|Any CPU
		{DFBB597D-DDCC-4FD4-85B9-B01A18D09070}.Release|x64.ActiveCfg = Release|Any CPU
		{DFBB597D-DDCC-4FD4-85B9-B01A18D09070}.Release|x64.Build.0 = Release|Any CPU
		{F385FB35-FDED-49B2-AB1D-35ED64C0A4AF}.Debug|Any CPU.ActiveCfg = Debug|Any CPU
		{F385FB35-FDED-49B2-AB1D-35ED64C0A4AF}.Debug|Any CPU.Build.0 = Debug|Any CPU
		{F385FB35-FDED-49B2-AB1D-35ED64C0A4AF}.Debug|x64.ActiveCfg = Debug|x64
		{F385FB35-FDED-49B2-AB1D-35ED64C0A4AF}.Debug|x64.Build.0 = Debug|x64
		{F385FB35-FDED-49B2-AB1D-35ED64C0A4AF}.Release|Any CPU.ActiveCfg = Release|Any CPU
		{F385FB35-FDED-49B2-AB1D-35ED64C0A4AF}.Release|Any CPU.Build.0 = Release|Any CPU
		{F385FB35-FDED-49B2-AB1D-35ED64C0A4AF}.Release|x64.ActiveCfg = Release|Any CPU
		{F385FB35-FDED-49B2-AB1D-35ED64C0A4AF}.Release|x64.Build.0 = Release|Any CPU
		{987746A8-7F74-4D71-9F31-04E8C78DAFE8}.Debug|Any CPU.ActiveCfg = Debug|Any CPU
		{987746A8-7F74-4D71-9F31-04E8C78DAFE8}.Debug|Any CPU.Build.0 = Debug|Any CPU
		{987746A8-7F74-4D71-9F31-04E8C78DAFE8}.Debug|x64.ActiveCfg = Debug|x64
		{987746A8-7F74-4D71-9F31-04E8C78DAFE8}.Debug|x64.Build.0 = Debug|x64
		{987746A8-7F74-4D71-9F31-04E8C78DAFE8}.Release|Any CPU.ActiveCfg = Release|Any CPU
		{987746A8-7F74-4D71-9F31-04E8C78DAFE8}.Release|Any CPU.Build.0 = Release|Any CPU
		{987746A8-7F74-4D71-9F31-04E8C78DAFE8}.Release|x64.ActiveCfg = Release|x64
		{987746A8-7F74-4D71-9F31-04E8C78DAFE8}.Release|x64.Build.0 = Release|x64
		{93324DE3-79DF-4A92-A863-0F7FA86839C5}.Debug|Any CPU.ActiveCfg = Debug|Any CPU
		{93324DE3-79DF-4A92-A863-0F7FA86839C5}.Debug|Any CPU.Build.0 = Debug|Any CPU
		{93324DE3-79DF-4A92-A863-0F7FA86839C5}.Debug|x64.ActiveCfg = Debug|x64
		{93324DE3-79DF-4A92-A863-0F7FA86839C5}.Debug|x64.Build.0 = Debug|x64
		{93324DE3-79DF-4A92-A863-0F7FA86839C5}.Release|Any CPU.ActiveCfg = Release|Any CPU
		{93324DE3-79DF-4A92-A863-0F7FA86839C5}.Release|Any CPU.Build.0 = Release|Any CPU
		{93324DE3-79DF-4A92-A863-0F7FA86839C5}.Release|x64.ActiveCfg = Release|Any CPU
		{93324DE3-79DF-4A92-A863-0F7FA86839C5}.Release|x64.Build.0 = Release|Any CPU
	EndGlobalSection
	GlobalSection(SolutionProperties) = preSolution
		HideSolutionNode = FALSE
	EndGlobalSection
	GlobalSection(NestedProjects) = preSolution
		{E334DA46-7E69-4FA7-8A2F-1AF5AD9E4673} = {142E3F01-0752-440F-A668-126353CAAE87}
	EndGlobalSection
	GlobalSection(ExtensibilityGlobals) = postSolution
		SolutionGuid = {5FAF60A5-EB38-4775-BE8E-0656C5264CD7}
	EndGlobalSection
EndGlobal
