
Microsoft Visual Studio Solution File, Format Version 12.00
# Visual Studio Version 16
VisualStudioVersion = 16.0.30320.27
MinimumVisualStudioVersion = 10.0.40219.1
Project("{FAE04EC0-301F-11D3-BF4B-00C04F79EFBC}") = "YahooFinance.Runner", "YahooFinance.Runner\YahooFinance.Runner.csproj", "{66A0D4CD-2330-4188-AEE9-12ABB4457643}"
EndProject
Global
	GlobalSection(SolutionConfigurationPlatforms) = preSolution
		Debug|Any CPU = Debug|Any CPU
		Release|Any CPU = Release|Any CPU
	EndGlobalSection
	GlobalSection(ProjectConfigurationPlatforms) = postSolution
		{66A0D4CD-2330-4188-AEE9-12ABB4457643}.Debug|Any CPU.ActiveCfg = Debug|Any CPU
		{66A0D4CD-2330-4188-AEE9-12ABB4457643}.Debug|Any CPU.Build.0 = Debug|Any CPU
		{66A0D4CD-2330-4188-AEE9-12ABB4457643}.Release|Any CPU.ActiveCfg = Release|Any CPU
		{66A0D4CD-2330-4188-AEE9-12ABB4457643}.Release|Any CPU.Build.0 = Release|Any CPU
	EndGlobalSection
	GlobalSection(SolutionProperties) = preSolution
		HideSolutionNode = FALSE
	EndGlobalSection
	GlobalSection(ExtensibilityGlobals) = postSolution
		SolutionGuid = {5FAF60A5-EB38-4775-BE8E-0656C5264CD7}
	EndGlobalSection
EndGlobal
